
Microsoft Visual Studio Solution File, Format Version 12.00
# Visual Studio Version 17
VisualStudioVersion = 17.13.35806.99 d17.13
MinimumVisualStudioVersion = 10.0.40219.1
Project("{FAE04EC0-301F-11D3-BF4B-00C04F79EFBC}") = "DentalClinicApp", "DentalClinicApp\DentalClinicApp.csproj", "{48E4F34A-553A-4A41-AECB-A92E00A0326B}"
EndProject
Global
	GlobalSection(SolutionConfigurationPlatforms) = preSolution
		Debug|Any CPU = Debug|Any CPU
		Release|Any CPU = Release|Any CPU
	EndGlobalSection
	GlobalSection(ProjectConfigurationPlatforms) = postSolution
		{48E4F34A-553A-4A41-AECB-A92E00A0326B}.Debug|Any CPU.ActiveCfg = Debug|Any CPU
		{48E4F34A-553A-4A41-AECB-A92E00A0326B}.Debug|Any CPU.Build.0 = Debug|Any CPU
		{48E4F34A-553A-4A41-AECB-A92E00A0326B}.Release|Any CPU.ActiveCfg = Release|Any CPU
		{48E4F34A-553A-4A41-AECB-A92E00A0326B}.Release|Any CPU.Build.0 = Release|Any CPU
	EndGlobalSection
	GlobalSection(SolutionProperties) = preSolution
		HideSolutionNode = FALSE
	EndGlobalSection
	GlobalSection(ExtensibilityGlobals) = postSolution
		SolutionGuid = {7D67DB7A-8461-46E2-B9A2-9876FC46C8AF}
	EndGlobalSection
EndGlobal
